
Microsoft Visual Studio Solution File, Format Version 12.00
Project("{FAE04EC0-301F-11D3-BF4B-00C04F79EFBC}") = "WebApplication1", "WebApplication1\WebApplication1.csproj", "{C336C9C8-3791-4599-AC51-C275CED1B845}"
EndProject
Global
	GlobalSection(SolutionConfigurationPlatforms) = preSolution
		Debug|Any CPU = Debug|Any CPU
		Release|Any CPU = Release|Any CPU
	EndGlobalSection
	GlobalSection(ProjectConfigurationPlatforms) = postSolution
		{C336C9C8-3791-4599-AC51-C275CED1B845}.Debug|Any CPU.ActiveCfg = Debug|Any CPU
		{C336C9C8-3791-4599-AC51-C275CED1B845}.Debug|Any CPU.Build.0 = Debug|Any CPU
		{C336C9C8-3791-4599-AC51-C275CED1B845}.Release|Any CPU.ActiveCfg = Release|Any CPU
		{C336C9C8-3791-4599-AC51-C275CED1B845}.Release|Any CPU.Build.0 = Release|Any CPU
	EndGlobalSection
EndGlobal
